// !$*UTF8*$!
{
	archiveVersion = 1;
	classes = {
	};
	objectVersion = 56;
	objects = {

/* Begin PBXBuildFile section */
		AA0EBF30292971ED005C7F6C /* LoadingCell.xib in Resources */ = {isa = PBXBuildFile; fileRef = AA0EBF2F292971ED005C7F6C /* LoadingCell.xib */; };
		AA0EBF322929935F005C7F6C /* UIImageView+DownloadImage.swift in Sources */ = {isa = PBXBuildFile; fileRef = AA0EBF312929935F005C7F6C /* UIImageView+DownloadImage.swift */; };
		AA1E1FEB2922AF15005EF39E /* SearchResult.swift in Sources */ = {isa = PBXBuildFile; fileRef = AA1E1FEA2922AF15005EF39E /* SearchResult.swift */; };
		AA1E1FED2922BC3C005EF39E /* SearchResultCell.xib in Resources */ = {isa = PBXBuildFile; fileRef = AA1E1FEC2922BC3C005EF39E /* SearchResultCell.xib */; };
		AA1E1FEF2922C83A005EF39E /* SearchResultCell.swift in Sources */ = {isa = PBXBuildFile; fileRef = AA1E1FEE2922C83A005EF39E /* SearchResultCell.swift */; };
		AA1E1FF12922CDF7005EF39E /* NothingFoundCell.xib in Resources */ = {isa = PBXBuildFile; fileRef = AA1E1FF02922CDF7005EF39E /* NothingFoundCell.xib */; };
		AA4D2AC42915E94C00A936D7 /* AppDelegate.swift in Sources */ = {isa = PBXBuildFile; fileRef = AA4D2AC32915E94C00A936D7 /* AppDelegate.swift */; };
		AA4D2AC62915E94C00A936D7 /* SceneDelegate.swift in Sources */ = {isa = PBXBuildFile; fileRef = AA4D2AC52915E94C00A936D7 /* SceneDelegate.swift */; };
		AA4D2AC82915E94C00A936D7 /* BooksViewController.swift in Sources */ = {isa = PBXBuildFile; fileRef = AA4D2AC72915E94C00A936D7 /* BooksViewController.swift */; };
		AA4D2ACB2915E94C00A936D7 /* Main.storyboard in Resources */ = {isa = PBXBuildFile; fileRef = AA4D2AC92915E94C00A936D7 /* Main.storyboard */; };
		AA4D2ACE2915E94C00A936D7 /* Bookworm.xcdatamodeld in Sources */ = {isa = PBXBuildFile; fileRef = AA4D2ACC2915E94C00A936D7 /* Bookworm.xcdatamodeld */; };
		AA4D2AD02915E94D00A936D7 /* Assets.xcassets in Resources */ = {isa = PBXBuildFile; fileRef = AA4D2ACF2915E94D00A936D7 /* Assets.xcassets */; };
		AA4D2AD32915E94D00A936D7 /* LaunchScreen.storyboard in Resources */ = {isa = PBXBuildFile; fileRef = AA4D2AD12915E94D00A936D7 /* LaunchScreen.storyboard */; };
		AAD25E1B292C2DEF005F6A01 /* SearchDetailsViewController.swift in Sources */ = {isa = PBXBuildFile; fileRef = AAD25E1A292C2DEF005F6A01 /* SearchDetailsViewController.swift */; };
		AAFC33EF2917134A0036BD54 /* BookCell.swift in Sources */ = {isa = PBXBuildFile; fileRef = AAFC33EE2917134A0036BD54 /* BookCell.swift */; };
		AAFC33F1291723850036BD54 /* BookDetailsViewController.swift in Sources */ = {isa = PBXBuildFile; fileRef = AAFC33F0291723850036BD54 /* BookDetailsViewController.swift */; };
		AAFC33F329172F4B0036BD54 /* SearchViewController.swift in Sources */ = {isa = PBXBuildFile; fileRef = AAFC33F229172F4B0036BD54 /* SearchViewController.swift */; };
		AAFC33F52917398A0036BD54 /* FavoritesViewController.swift in Sources */ = {isa = PBXBuildFile; fileRef = AAFC33F42917398A0036BD54 /* FavoritesViewController.swift */; };
/* End PBXBuildFile section */

/* Begin PBXFileReference section */
		AA0EBF2F292971ED005C7F6C /* LoadingCell.xib */ = {isa = PBXFileReference; lastKnownFileType = file.xib; path = LoadingCell.xib; sourceTree = "<group>"; };
		AA0EBF312929935F005C7F6C /* UIImageView+DownloadImage.swift */ = {isa = PBXFileReference; lastKnownFileType = sourcecode.swift; path = "UIImageView+DownloadImage.swift"; sourceTree = "<group>"; };
		AA1E1FEA2922AF15005EF39E /* SearchResult.swift */ = {isa = PBXFileReference; lastKnownFileType = sourcecode.swift; path = SearchResult.swift; sourceTree = "<group>"; };
		AA1E1FEC2922BC3C005EF39E /* SearchResultCell.xib */ = {isa = PBXFileReference; lastKnownFileType = file.xib; path = SearchResultCell.xib; sourceTree = "<group>"; };
		AA1E1FEE2922C83A005EF39E /* SearchResultCell.swift */ = {isa = PBXFileReference; lastKnownFileType = sourcecode.swift; path = SearchResultCell.swift; sourceTree = "<group>"; };
		AA1E1FF02922CDF7005EF39E /* NothingFoundCell.xib */ = {isa = PBXFileReference; lastKnownFileType = file.xib; path = NothingFoundCell.xib; sourceTree = "<group>"; };
		AA4D2AC02915E94C00A936D7 /* Bookworm.app */ = {isa = PBXFileReference; explicitFileType = wrapper.application; includeInIndex = 0; path = Bookworm.app; sourceTree = BUILT_PRODUCTS_DIR; };
		AA4D2AC32915E94C00A936D7 /* AppDelegate.swift */ = {isa = PBXFileReference; lastKnownFileType = sourcecode.swift; path = AppDelegate.swift; sourceTree = "<group>"; };
		AA4D2AC52915E94C00A936D7 /* SceneDelegate.swift */ = {isa = PBXFileReference; lastKnownFileType = sourcecode.swift; path = SceneDelegate.swift; sourceTree = "<group>"; };
		AA4D2AC72915E94C00A936D7 /* BooksViewController.swift */ = {isa = PBXFileReference; lastKnownFileType = sourcecode.swift; path = BooksViewController.swift; sourceTree = "<group>"; };
		AA4D2ACA2915E94C00A936D7 /* Base */ = {isa = PBXFileReference; lastKnownFileType = file.storyboard; name = Base; path = Base.lproj/Main.storyboard; sourceTree = "<group>"; };
		AA4D2ACD2915E94C00A936D7 /* Bookworm.xcdatamodel */ = {isa = PBXFileReference; lastKnownFileType = wrapper.xcdatamodel; path = Bookworm.xcdatamodel; sourceTree = "<group>"; };
		AA4D2ACF2915E94D00A936D7 /* Assets.xcassets */ = {isa = PBXFileReference; lastKnownFileType = folder.assetcatalog; path = Assets.xcassets; sourceTree = "<group>"; };
		AA4D2AD22915E94D00A936D7 /* Base */ = {isa = PBXFileReference; lastKnownFileType = file.storyboard; name = Base; path = Base.lproj/LaunchScreen.storyboard; sourceTree = "<group>"; };
		AA4D2AD42915E94D00A936D7 /* Info.plist */ = {isa = PBXFileReference; lastKnownFileType = text.plist.xml; path = Info.plist; sourceTree = "<group>"; };
		AAD25E1A292C2DEF005F6A01 /* SearchDetailsViewController.swift */ = {isa = PBXFileReference; lastKnownFileType = sourcecode.swift; path = SearchDetailsViewController.swift; sourceTree = "<group>"; };
		AAFC33EE2917134A0036BD54 /* BookCell.swift */ = {isa = PBXFileReference; lastKnownFileType = sourcecode.swift; path = BookCell.swift; sourceTree = "<group>"; };
		AAFC33F0291723850036BD54 /* BookDetailsViewController.swift */ = {isa = PBXFileReference; lastKnownFileType = sourcecode.swift; path = BookDetailsViewController.swift; sourceTree = "<group>"; };
		AAFC33F229172F4B0036BD54 /* SearchViewController.swift */ = {isa = PBXFileReference; lastKnownFileType = sourcecode.swift; path = SearchViewController.swift; sourceTree = "<group>"; };
		AAFC33F42917398A0036BD54 /* FavoritesViewController.swift */ = {isa = PBXFileReference; lastKnownFileType = sourcecode.swift; path = FavoritesViewController.swift; sourceTree = "<group>"; };
/* End PBXFileReference section */

/* Begin PBXFrameworksBuildPhase section */
		AA4D2ABD2915E94C00A936D7 /* Frameworks */ = {
			isa = PBXFrameworksBuildPhase;
			buildActionMask = 2147483647;
			files = (
			);
			runOnlyForDeploymentPostprocessing = 0;
		};
/* End PBXFrameworksBuildPhase section */

/* Begin PBXGroup section */
		AA4D2AB72915E94C00A936D7 = {
			isa = PBXGroup;
			children = (
				AA4D2AC22915E94C00A936D7 /* Bookworm */,
				AA4D2AC12915E94C00A936D7 /* Products */,
			);
			sourceTree = "<group>";
		};
		AA4D2AC12915E94C00A936D7 /* Products */ = {
			isa = PBXGroup;
			children = (
				AA4D2AC02915E94C00A936D7 /* Bookworm.app */,
			);
			name = Products;
			sourceTree = "<group>";
		};
		AA4D2AC22915E94C00A936D7 /* Bookworm */ = {
			isa = PBXGroup;
			children = (
				AA4D2AC32915E94C00A936D7 /* AppDelegate.swift */,
				AA4D2AC52915E94C00A936D7 /* SceneDelegate.swift */,
				AA4D2AC72915E94C00A936D7 /* BooksViewController.swift */,
				AAFC33F0291723850036BD54 /* BookDetailsViewController.swift */,
				AAFC33EE2917134A0036BD54 /* BookCell.swift */,
				AAFC33F229172F4B0036BD54 /* SearchViewController.swift */,
				AAD25E1A292C2DEF005F6A01 /* SearchDetailsViewController.swift */,
				AA1E1FEA2922AF15005EF39E /* SearchResult.swift */,
				AAFC33F42917398A0036BD54 /* FavoritesViewController.swift */,
				AA4D2AC92915E94C00A936D7 /* Main.storyboard */,
				AA4D2ACF2915E94D00A936D7 /* Assets.xcassets */,
				AA4D2AD12915E94D00A936D7 /* LaunchScreen.storyboard */,
				AA4D2AD42915E94D00A936D7 /* Info.plist */,
				AA4D2ACC2915E94C00A936D7 /* Bookworm.xcdatamodeld */,
				AA1E1FEC2922BC3C005EF39E /* SearchResultCell.xib */,
				AA1E1FEE2922C83A005EF39E /* SearchResultCell.swift */,
				AA1E1FF02922CDF7005EF39E /* NothingFoundCell.xib */,
				AA0EBF2F292971ED005C7F6C /* LoadingCell.xib */,
				AA0EBF312929935F005C7F6C /* UIImageView+DownloadImage.swift */,
			);
			path = Bookworm;
			sourceTree = "<group>";
		};
/* End PBXGroup section */

/* Begin PBXNativeTarget section */
		AA4D2ABF2915E94C00A936D7 /* Bookworm */ = {
			isa = PBXNativeTarget;
			buildConfigurationList = AA4D2AD72915E94D00A936D7 /* Build configuration list for PBXNativeTarget "Bookworm" */;
			buildPhases = (
				AA4D2ABC2915E94C00A936D7 /* Sources */,
				AA4D2ABD2915E94C00A936D7 /* Frameworks */,
				AA4D2ABE2915E94C00A936D7 /* Resources */,
			);
			buildRules = (
			);
			dependencies = (
			);
			name = Bookworm;
			productName = Bookworm;
			productReference = AA4D2AC02915E94C00A936D7 /* Bookworm.app */;
			productType = "com.apple.product-type.application";
		};
/* End PBXNativeTarget section */

/* Begin PBXProject section */
		AA4D2AB82915E94C00A936D7 /* Project object */ = {
			isa = PBXProject;
			attributes = {
				BuildIndependentTargetsInParallel = 1;
				LastSwiftUpdateCheck = 1410;
				LastUpgradeCheck = 1410;
				TargetAttributes = {
					AA4D2ABF2915E94C00A936D7 = {
						CreatedOnToolsVersion = 14.1;
					};
				};
			};
			buildConfigurationList = AA4D2ABB2915E94C00A936D7 /* Build configuration list for PBXProject "Bookworm" */;
			compatibilityVersion = "Xcode 14.0";
			developmentRegion = en;
			hasScannedForEncodings = 0;
			knownRegions = (
				en,
				Base,
			);
			mainGroup = AA4D2AB72915E94C00A936D7;
			productRefGroup = AA4D2AC12915E94C00A936D7 /* Products */;
			projectDirPath = "";
			projectRoot = "";
			targets = (
				AA4D2ABF2915E94C00A936D7 /* Bookworm */,
			);
		};
/* End PBXProject section */

/* Begin PBXResourcesBuildPhase section */
		AA4D2ABE2915E94C00A936D7 /* Resources */ = {
			isa = PBXResourcesBuildPhase;
			buildActionMask = 2147483647;
			files = (
				AA4D2AD32915E94D00A936D7 /* LaunchScreen.storyboard in Resources */,
				AA4D2AD02915E94D00A936D7 /* Assets.xcassets in Resources */,
				AA0EBF30292971ED005C7F6C /* LoadingCell.xib in Resources */,
				AA1E1FED2922BC3C005EF39E /* SearchResultCell.xib in Resources */,
				AA1E1FF12922CDF7005EF39E /* NothingFoundCell.xib in Resources */,
				AA4D2ACB2915E94C00A936D7 /* Main.storyboard in Resources */,
			);
			runOnlyForDeploymentPostprocessing = 0;
		};
/* End PBXResourcesBuildPhase section */

/* Begin PBXSourcesBuildPhase section */
		AA4D2ABC2915E94C00A936D7 /* Sources */ = {
			isa = PBXSourcesBuildPhase;
			buildActionMask = 2147483647;
			files = (
				AA4D2AC82915E94C00A936D7 /* BooksViewController.swift in Sources */,
				AA1E1FEB2922AF15005EF39E /* SearchResult.swift in Sources */,
				AAFC33F329172F4B0036BD54 /* SearchViewController.swift in Sources */,
				AAFC33F52917398A0036BD54 /* FavoritesViewController.swift in Sources */,
				AA1E1FEF2922C83A005EF39E /* SearchResultCell.swift in Sources */,
				AA4D2ACE2915E94C00A936D7 /* Bookworm.xcdatamodeld in Sources */,
				AA4D2AC42915E94C00A936D7 /* AppDelegate.swift in Sources */,
				AA4D2AC62915E94C00A936D7 /* SceneDelegate.swift in Sources */,
				AAFC33F1291723850036BD54 /* BookDetailsViewController.swift in Sources */,
				AAD25E1B292C2DEF005F6A01 /* SearchDetailsViewController.swift in Sources */,
				AAFC33EF2917134A0036BD54 /* BookCell.swift in Sources */,
				AA0EBF322929935F005C7F6C /* UIImageView+DownloadImage.swift in Sources */,
			);
			runOnlyForDeploymentPostprocessing = 0;
		};
/* End PBXSourcesBuildPhase section */

/* Begin PBXVariantGroup section */
		AA4D2AC92915E94C00A936D7 /* Main.storyboard */ = {
			isa = PBXVariantGroup;
			children = (
				AA4D2ACA2915E94C00A936D7 /* Base */,
			);
			name = Main.storyboard;
			sourceTree = "<group>";
		};
		AA4D2AD12915E94D00A936D7 /* LaunchScreen.storyboard */ = {
			isa = PBXVariantGroup;
			children = (
				AA4D2AD22915E94D00A936D7 /* Base */,
			);
			name = LaunchScreen.storyboard;
			sourceTree = "<group>";
		};
/* End PBXVariantGroup section */

/* Begin XCBuildConfiguration section */
		AA4D2AD52915E94D00A936D7 /* Debug */ = {
			isa = XCBuildConfiguration;
			buildSettings = {
				ALWAYS_SEARCH_USER_PATHS = NO;
				CLANG_ANALYZER_NONNULL = YES;
				CLANG_ANALYZER_NUMBER_OBJECT_CONVERSION = YES_AGGRESSIVE;
				CLANG_CXX_LANGUAGE_STANDARD = "gnu++20";
				CLANG_ENABLE_MODULES = YES;
				CLANG_ENABLE_OBJC_ARC = YES;
				CLANG_ENABLE_OBJC_WEAK = YES;
				CLANG_WARN_BLOCK_CAPTURE_AUTORELEASING = YES;
				CLANG_WARN_BOOL_CONVERSION = YES;
				CLANG_WARN_COMMA = YES;
				CLANG_WARN_CONSTANT_CONVERSION = YES;
				CLANG_WARN_DEPRECATED_OBJC_IMPLEMENTATIONS = YES;
				CLANG_WARN_DIRECT_OBJC_ISA_USAGE = YES_ERROR;
				CLANG_WARN_DOCUMENTATION_COMMENTS = YES;
				CLANG_WARN_EMPTY_BODY = YES;
				CLANG_WARN_ENUM_CONVERSION = YES;
				CLANG_WARN_INFINITE_RECURSION = YES;
				CLANG_WARN_INT_CONVERSION = YES;
				CLANG_WARN_NON_LITERAL_NULL_CONVERSION = YES;
				CLANG_WARN_OBJC_IMPLICIT_RETAIN_SELF = YES;
				CLANG_WARN_OBJC_LITERAL_CONVERSION = YES;
				CLANG_WARN_OBJC_ROOT_CLASS = YES_ERROR;
				CLANG_WARN_QUOTED_INCLUDE_IN_FRAMEWORK_HEADER = YES;
				CLANG_WARN_RANGE_LOOP_ANALYSIS = YES;
				CLANG_WARN_STRICT_PROTOTYPES = YES;
				CLANG_WARN_SUSPICIOUS_MOVE = YES;
				CLANG_WARN_UNGUARDED_AVAILABILITY = YES_AGGRESSIVE;
				CLANG_WARN_UNREACHABLE_CODE = YES;
				CLANG_WARN__DUPLICATE_METHOD_MATCH = YES;
				COPY_PHASE_STRIP = NO;
				DEBUG_INFORMATION_FORMAT = dwarf;
				ENABLE_STRICT_OBJC_MSGSEND = YES;
				ENABLE_TESTABILITY = YES;
				GCC_C_LANGUAGE_STANDARD = gnu11;
				GCC_DYNAMIC_NO_PIC = NO;
				GCC_NO_COMMON_BLOCKS = YES;
				GCC_OPTIMIZATION_LEVEL = 0;
				GCC_PREPROCESSOR_DEFINITIONS = (
					"DEBUG=1",
					"$(inherited)",
				);
				GCC_WARN_64_TO_32_BIT_CONVERSION = YES;
				GCC_WARN_ABOUT_RETURN_TYPE = YES_ERROR;
				GCC_WARN_UNDECLARED_SELECTOR = YES;
				GCC_WARN_UNINITIALIZED_AUTOS = YES_AGGRESSIVE;
				GCC_WARN_UNUSED_FUNCTION = YES;
				GCC_WARN_UNUSED_VARIABLE = YES;
				IPHONEOS_DEPLOYMENT_TARGET = 16.1;
				MTL_ENABLE_DEBUG_INFO = INCLUDE_SOURCE;
				MTL_FAST_MATH = YES;
				ONLY_ACTIVE_ARCH = YES;
				SDKROOT = iphoneos;
				SWIFT_ACTIVE_COMPILATION_CONDITIONS = DEBUG;
				SWIFT_OPTIMIZATION_LEVEL = "-Onone";
			};
			name = Debug;
		};
		AA4D2AD62915E94D00A936D7 /* Release */ = {
			isa = XCBuildConfiguration;
			buildSettings = {
				ALWAYS_SEARCH_USER_PATHS = NO;
				CLANG_ANALYZER_NONNULL = YES;
				CLANG_ANALYZER_NUMBER_OBJECT_CONVERSION = YES_AGGRESSIVE;
				CLANG_CXX_LANGUAGE_STANDARD = "gnu++20";
				CLANG_ENABLE_MODULES = YES;
				CLANG_ENABLE_OBJC_ARC = YES;
				CLANG_ENABLE_OBJC_WEAK = YES;
				CLANG_WARN_BLOCK_CAPTURE_AUTORELEASING = YES;
				CLANG_WARN_BOOL_CONVERSION = YES;
				CLANG_WARN_COMMA = YES;
				CLANG_WARN_CONSTANT_CONVERSION = YES;
				CLANG_WARN_DEPRECATED_OBJC_IMPLEMENTATIONS = YES;
				CLANG_WARN_DIRECT_OBJC_ISA_USAGE = YES_ERROR;
				CLANG_WARN_DOCUMENTATION_COMMENTS = YES;
				CLANG_WARN_EMPTY_BODY = YES;
				CLANG_WARN_ENUM_CONVERSION = YES;
				CLANG_WARN_INFINITE_RECURSION = YES;
				CLANG_WARN_INT_CONVERSION = YES;
				CLANG_WARN_NON_LITERAL_NULL_CONVERSION = YES;
				CLANG_WARN_OBJC_IMPLICIT_RETAIN_SELF = YES;
				CLANG_WARN_OBJC_LITERAL_CONVERSION = YES;
				CLANG_WARN_OBJC_ROOT_CLASS = YES_ERROR;
				CLANG_WARN_QUOTED_INCLUDE_IN_FRAMEWORK_HEADER = YES;
				CLANG_WARN_RANGE_LOOP_ANALYSIS = YES;
				CLANG_WARN_STRICT_PROTOTYPES = YES;
				CLANG_WARN_SUSPICIOUS_MOVE = YES;
				CLANG_WARN_UNGUARDED_AVAILABILITY = YES_AGGRESSIVE;
				CLANG_WARN_UNREACHABLE_CODE = YES;
				CLANG_WARN__DUPLICATE_METHOD_MATCH = YES;
				COPY_PHASE_STRIP = NO;
				DEBUG_INFORMATION_FORMAT = "dwarf-with-dsym";
				ENABLE_NS_ASSERTIONS = NO;
				ENABLE_STRICT_OBJC_MSGSEND = YES;
				GCC_C_LANGUAGE_STANDARD = gnu11;
				GCC_NO_COMMON_BLOCKS = YES;
				GCC_WARN_64_TO_32_BIT_CONVERSION = YES;
				GCC_WARN_ABOUT_RETURN_TYPE = YES_ERROR;
				GCC_WARN_UNDECLARED_SELECTOR = YES;
				GCC_WARN_UNINITIALIZED_AUTOS = YES_AGGRESSIVE;
				GCC_WARN_UNUSED_FUNCTION = YES;
				GCC_WARN_UNUSED_VARIABLE = YES;
				IPHONEOS_DEPLOYMENT_TARGET = 16.1;
				MTL_ENABLE_DEBUG_INFO = NO;
				MTL_FAST_MATH = YES;
				SDKROOT = iphoneos;
				SWIFT_COMPILATION_MODE = wholemodule;
				SWIFT_OPTIMIZATION_LEVEL = "-O";
				VALIDATE_PRODUCT = YES;
			};
			name = Release;
		};
		AA4D2AD82915E94D00A936D7 /* Debug */ = {
			isa = XCBuildConfiguration;
			buildSettings = {
				ASSETCATALOG_COMPILER_APPICON_NAME = AppIcon;
				ASSETCATALOG_COMPILER_GLOBAL_ACCENT_COLOR_NAME = AccentColor;
				CODE_SIGN_STYLE = Automatic;
				CURRENT_PROJECT_VERSION = 1;
				DEVELOPMENT_TEAM = MATAH478GH;
				GENERATE_INFOPLIST_FILE = YES;
				INFOPLIST_FILE = Bookworm/Info.plist;
				INFOPLIST_KEY_UIApplicationSupportsIndirectInputEvents = YES;
				INFOPLIST_KEY_UILaunchStoryboardName = LaunchScreen;
				INFOPLIST_KEY_UIMainStoryboardFile = Main;
				INFOPLIST_KEY_UISupportedInterfaceOrientations = UIInterfaceOrientationPortrait;
				INFOPLIST_KEY_UISupportedInterfaceOrientations_iPad = "UIInterfaceOrientationLandscapeLeft UIInterfaceOrientationLandscapeRight UIInterfaceOrientationPortrait UIInterfaceOrientationPortraitUpsideDown";
				IPHONEOS_DEPLOYMENT_TARGET = 16.1;
				LD_RUNPATH_SEARCH_PATHS = (
					"$(inherited)",
					"@executable_path/Frameworks",
				);
				MARKETING_VERSION = 1.0;
				PRODUCT_BUNDLE_IDENTIFIER = com.CelesTech.Bookworm;
				PRODUCT_NAME = "$(TARGET_NAME)";
				SWIFT_EMIT_LOC_STRINGS = YES;
				SWIFT_VERSION = 5.0;
				TARGETED_DEVICE_FAMILY = "1,2";
			};
			name = Debug;
		};
		AA4D2AD92915E94D00A936D7 /* Release */ = {
			isa = XCBuildConfiguration;
			buildSettings = {
				ASSETCATALOG_COMPILER_APPICON_NAME = AppIcon;
				ASSETCATALOG_COMPILER_GLOBAL_ACCENT_COLOR_NAME = AccentColor;
				CODE_SIGN_STYLE = Automatic;
				CURRENT_PROJECT_VERSION = 1;
				DEVELOPMENT_TEAM = MATAH478GH;
				GENERATE_INFOPLIST_FILE = YES;
				INFOPLIST_FILE = Bookworm/Info.plist;
				INFOPLIST_KEY_UIApplicationSupportsIndirectInputEvents = YES;
				INFOPLIST_KEY_UILaunchStoryboardName = LaunchScreen;
				INFOPLIST_KEY_UIMainStoryboardFile = Main;
				INFOPLIST_KEY_UISupportedInterfaceOrientations = UIInterfaceOrientationPortrait;
				INFOPLIST_KEY_UISupportedInterfaceOrientations_iPad = "UIInterfaceOrientationLandscapeLeft UIInterfaceOrientationLandscapeRight UIInterfaceOrientationPortrait UIInterfaceOrientationPortraitUpsideDown";
				IPHONEOS_DEPLOYMENT_TARGET = 16.1;
				LD_RUNPATH_SEARCH_PATHS = (
					"$(inherited)",
					"@executable_path/Frameworks",
				);
				MARKETING_VERSION = 1.0;
				PRODUCT_BUNDLE_IDENTIFIER = com.CelesTech.Bookworm;
				PRODUCT_NAME = "$(TARGET_NAME)";
				SWIFT_EMIT_LOC_STRINGS = YES;
				SWIFT_VERSION = 5.0;
				TARGETED_DEVICE_FAMILY = "1,2";
			};
			name = Release;
		};
/* End XCBuildConfiguration section */

/* Begin XCConfigurationList section */
		AA4D2ABB2915E94C00A936D7 /* Build configuration list for PBXProject "Bookworm" */ = {
			isa = XCConfigurationList;
			buildConfigurations = (
				AA4D2AD52915E94D00A936D7 /* Debug */,
				AA4D2AD62915E94D00A936D7 /* Release */,
			);
			defaultConfigurationIsVisible = 0;
			defaultConfigurationName = Release;
		};
		AA4D2AD72915E94D00A936D7 /* Build configuration list for PBXNativeTarget "Bookworm" */ = {
			isa = XCConfigurationList;
			buildConfigurations = (
				AA4D2AD82915E94D00A936D7 /* Debug */,
				AA4D2AD92915E94D00A936D7 /* Release */,
			);
			defaultConfigurationIsVisible = 0;
			defaultConfigurationName = Release;
		};
/* End XCConfigurationList section */

/* Begin XCVersionGroup section */
		AA4D2ACC2915E94C00A936D7 /* Bookworm.xcdatamodeld */ = {
			isa = XCVersionGroup;
			children = (
				AA4D2ACD2915E94C00A936D7 /* Bookworm.xcdatamodel */,
			);
			currentVersion = AA4D2ACD2915E94C00A936D7 /* Bookworm.xcdatamodel */;
			path = Bookworm.xcdatamodeld;
			sourceTree = "<group>";
			versionGroupType = wrapper.xcdatamodel;
		};
/* End XCVersionGroup section */
	};
	rootObject = AA4D2AB82915E94C00A936D7 /* Project object */;
}
